// !$*UTF8*$!
{
	archiveVersion = 1;
	classes = {
	};
	objectVersion = 54;
	objects = {

/* Begin PBXBuildFile section */
		13B07FBC1A68108700A75B9A /* AppDelegate.mm in Sources */ = {isa = PBXBuildFile; fileRef = 13B07FB01A68108700A75B9A /* AppDelegate.mm */; };
		13B07FBF1A68108700A75B9A /* Images.xcassets in Resources */ = {isa = PBXBuildFile; fileRef = 13B07FB51A68108700A75B9A /* Images.xcassets */; };
		13B07FC11A68108700A75B9A /* main.m in Sources */ = {isa = PBXBuildFile; fileRef = 13B07FB71A68108700A75B9A /* main.m */; };
		4EE3D9F128CA53A00089EB82 /* Font Awesome 5 Pro-Regular-400.otf in Resources */ = {isa = PBXBuildFile; fileRef = 4EE3D9E428CA539F0089EB82 /* Font Awesome 5 Pro-Regular-400.otf */; };
		4EE3D9F228CA53A00089EB82 /* Font Awesome 5 Brands-Regular-400.otf in Resources */ = {isa = PBXBuildFile; fileRef = 4EE3D9E528CA539F0089EB82 /* Font Awesome 5 Brands-Regular-400.otf */; };
		4EE3D9F328CA53A00089EB82 /* OpenSans-Regular.ttf in Resources */ = {isa = PBXBuildFile; fileRef = 4EE3D9E628CA539F0089EB82 /* OpenSans-Regular.ttf */; };
		4EE3D9F428CA53A00089EB82 /* OpenSans-Bold.ttf in Resources */ = {isa = PBXBuildFile; fileRef = 4EE3D9E728CA53A00089EB82 /* OpenSans-Bold.ttf */; };
		4EE3D9F528CA53A00089EB82 /* Font-Awesome-5-Free-Regular-400.ttf in Resources */ = {isa = PBXBuildFile; fileRef = 4EE3D9E828CA53A00089EB82 /* Font-Awesome-5-Free-Regular-400.ttf */; };
		4EE3D9F628CA53A00089EB82 /* OpenSans-Light.ttf in Resources */ = {isa = PBXBuildFile; fileRef = 4EE3D9E928CA53A00089EB82 /* OpenSans-Light.ttf */; };
		4EE3D9F728CA53A00089EB82 /* DINNeuzeitGroteskPro-Bold.ttf in Resources */ = {isa = PBXBuildFile; fileRef = 4EE3D9EA28CA53A00089EB82 /* DINNeuzeitGroteskPro-Bold.ttf */; };
		4EE3D9F828CA53A00089EB82 /* DINNeuzeitGroteskPro-Light.ttf in Resources */ = {isa = PBXBuildFile; fileRef = 4EE3D9EB28CA53A00089EB82 /* DINNeuzeitGroteskPro-Light.ttf */; };
		4EE3D9F928CA53A00089EB82 /* FontAwesome.ttf in Resources */ = {isa = PBXBuildFile; fileRef = 4EE3D9EC28CA53A00089EB82 /* FontAwesome.ttf */; };
		4EE3D9FA28CA53A00089EB82 /* Font Awesome 5 Pro-Solid-900.otf in Resources */ = {isa = PBXBuildFile; fileRef = 4EE3D9ED28CA53A00089EB82 /* Font Awesome 5 Pro-Solid-900.otf */; };
		4EE3D9FB28CA53A00089EB82 /* Font-Awesome-5-Free-Solid-900.ttf in Resources */ = {isa = PBXBuildFile; fileRef = 4EE3D9EE28CA53A00089EB82 /* Font-Awesome-5-Free-Solid-900.ttf */; };
		4EE3D9FC28CA53A00089EB82 /* Font Awesome 5 Pro-Light-300.otf in Resources */ = {isa = PBXBuildFile; fileRef = 4EE3D9EF28CA53A00089EB82 /* Font Awesome 5 Pro-Light-300.otf */; };
		4EE3D9FD28CA53A00089EB82 /* Font Awesome 5 Duotone-Solid-900.otf in Resources */ = {isa = PBXBuildFile; fileRef = 4EE3D9F028CA53A00089EB82 /* Font Awesome 5 Duotone-Solid-900.otf */; };
		81AB9BB82411601600AC10FF /* LaunchScreen.storyboard in Resources */ = {isa = PBXBuildFile; fileRef = 81AB9BB72411601600AC10FF /* LaunchScreen.storyboard */; };
		C4973263D755AFC58B046B06 /* ExpoModulesProvider.swift in Sources */ = {isa = PBXBuildFile; fileRef = 890AFAA4FAF86618F72D33DC /* ExpoModulesProvider.swift */; };
		DAE6B2686C5D96E68D36B808 /* libPods-xtrack.a in Frameworks */ = {isa = PBXBuildFile; fileRef = 3FF40A89D102AAB9C693ECAF /* libPods-xtrack.a */; };
/* End PBXBuildFile section */

/* Begin PBXFileReference section */
		00E356F11AD99517003FC87E /* Info.plist */ = {isa = PBXFileReference; lastKnownFileType = text.plist.xml; path = Info.plist; sourceTree = "<group>"; };
		00E356F21AD99517003FC87E /* xtrackTests.m */ = {isa = PBXFileReference; lastKnownFileType = sourcecode.c.objc; path = xtrackTests.m; sourceTree = "<group>"; };
		13B07F961A680F5B00A75B9A /* xtrack.app */ = {isa = PBXFileReference; explicitFileType = wrapper.application; includeInIndex = 0; path = xtrack.app; sourceTree = BUILT_PRODUCTS_DIR; };
		13B07FAF1A68108700A75B9A /* AppDelegate.h */ = {isa = PBXFileReference; fileEncoding = 4; lastKnownFileType = sourcecode.c.h; name = AppDelegate.h; path = xtrack/AppDelegate.h; sourceTree = "<group>"; };
		13B07FB01A68108700A75B9A /* AppDelegate.mm */ = {isa = PBXFileReference; fileEncoding = 4; lastKnownFileType = sourcecode.cpp.objcpp; name = AppDelegate.mm; path = xtrack/AppDelegate.mm; sourceTree = "<group>"; };
		13B07FB51A68108700A75B9A /* Images.xcassets */ = {isa = PBXFileReference; lastKnownFileType = folder.assetcatalog; name = Images.xcassets; path = xtrack/Images.xcassets; sourceTree = "<group>"; };
		13B07FB61A68108700A75B9A /* Info.plist */ = {isa = PBXFileReference; fileEncoding = 4; lastKnownFileType = text.plist.xml; name = Info.plist; path = xtrack/Info.plist; sourceTree = "<group>"; };
		13B07FB71A68108700A75B9A /* main.m */ = {isa = PBXFileReference; fileEncoding = 4; lastKnownFileType = sourcecode.c.objc; name = main.m; path = xtrack/main.m; sourceTree = "<group>"; };
		22F43B39EA16CE46C92307FA /* Pods-xtrack.debug.xcconfig */ = {isa = PBXFileReference; includeInIndex = 1; lastKnownFileType = text.xcconfig; name = "Pods-xtrack.debug.xcconfig"; path = "Target Support Files/Pods-xtrack/Pods-xtrack.debug.xcconfig"; sourceTree = "<group>"; };
		3FF40A89D102AAB9C693ECAF /* libPods-xtrack.a */ = {isa = PBXFileReference; explicitFileType = archive.ar; includeInIndex = 0; path = "libPods-xtrack.a"; sourceTree = BUILT_PRODUCTS_DIR; };
		4EE3D9E428CA539F0089EB82 /* Font Awesome 5 Pro-Regular-400.otf */ = {isa = PBXFileReference; lastKnownFileType = file; name = "Font Awesome 5 Pro-Regular-400.otf"; path = "../../assets/fonts/Font Awesome 5 Pro-Regular-400.otf"; sourceTree = "<group>"; };
		4EE3D9E528CA539F0089EB82 /* Font Awesome 5 Brands-Regular-400.otf */ = {isa = PBXFileReference; lastKnownFileType = file; name = "Font Awesome 5 Brands-Regular-400.otf"; path = "../../assets/fonts/Font Awesome 5 Brands-Regular-400.otf"; sourceTree = "<group>"; };
		4EE3D9E628CA539F0089EB82 /* OpenSans-Regular.ttf */ = {isa = PBXFileReference; lastKnownFileType = file; name = "OpenSans-Regular.ttf"; path = "../../assets/fonts/OpenSans-Regular.ttf"; sourceTree = "<group>"; };
		4EE3D9E728CA53A00089EB82 /* OpenSans-Bold.ttf */ = {isa = PBXFileReference; lastKnownFileType = file; name = "OpenSans-Bold.ttf"; path = "../../assets/fonts/OpenSans-Bold.ttf"; sourceTree = "<group>"; };
		4EE3D9E828CA53A00089EB82 /* Font-Awesome-5-Free-Regular-400.ttf */ = {isa = PBXFileReference; lastKnownFileType = file; name = "Font-Awesome-5-Free-Regular-400.ttf"; path = "../../assets/fonts/Font-Awesome-5-Free-Regular-400.ttf"; sourceTree = "<group>"; };
		4EE3D9E928CA53A00089EB82 /* OpenSans-Light.ttf */ = {isa = PBXFileReference; lastKnownFileType = file; name = "OpenSans-Light.ttf"; path = "../../assets/fonts/OpenSans-Light.ttf"; sourceTree = "<group>"; };
		4EE3D9EA28CA53A00089EB82 /* DINNeuzeitGroteskPro-Bold.ttf */ = {isa = PBXFileReference; lastKnownFileType = file; name = "DINNeuzeitGroteskPro-Bold.ttf"; path = "../../assets/fonts/DINNeuzeitGroteskPro-Bold.ttf"; sourceTree = "<group>"; };
		4EE3D9EB28CA53A00089EB82 /* DINNeuzeitGroteskPro-Light.ttf */ = {isa = PBXFileReference; lastKnownFileType = file; name = "DINNeuzeitGroteskPro-Light.ttf"; path = "../../assets/fonts/DINNeuzeitGroteskPro-Light.ttf"; sourceTree = "<group>"; };
		4EE3D9EC28CA53A00089EB82 /* FontAwesome.ttf */ = {isa = PBXFileReference; lastKnownFileType = file; name = FontAwesome.ttf; path = ../../assets/fonts/FontAwesome.ttf; sourceTree = "<group>"; };
		4EE3D9ED28CA53A00089EB82 /* Font Awesome 5 Pro-Solid-900.otf */ = {isa = PBXFileReference; lastKnownFileType = file; name = "Font Awesome 5 Pro-Solid-900.otf"; path = "../../assets/fonts/Font Awesome 5 Pro-Solid-900.otf"; sourceTree = "<group>"; };
		4EE3D9EE28CA53A00089EB82 /* Font-Awesome-5-Free-Solid-900.ttf */ = {isa = PBXFileReference; lastKnownFileType = file; name = "Font-Awesome-5-Free-Solid-900.ttf"; path = "../../assets/fonts/Font-Awesome-5-Free-Solid-900.ttf"; sourceTree = "<group>"; };
		4EE3D9EF28CA53A00089EB82 /* Font Awesome 5 Pro-Light-300.otf */ = {isa = PBXFileReference; lastKnownFileType = file; name = "Font Awesome 5 Pro-Light-300.otf"; path = "../../assets/fonts/Font Awesome 5 Pro-Light-300.otf"; sourceTree = "<group>"; };
		4EE3D9F028CA53A00089EB82 /* Font Awesome 5 Duotone-Solid-900.otf */ = {isa = PBXFileReference; lastKnownFileType = file; name = "Font Awesome 5 Duotone-Solid-900.otf"; path = "../../assets/fonts/Font Awesome 5 Duotone-Solid-900.otf"; sourceTree = "<group>"; };
		81AB9BB72411601600AC10FF /* LaunchScreen.storyboard */ = {isa = PBXFileReference; fileEncoding = 4; lastKnownFileType = file.storyboard; name = LaunchScreen.storyboard; path = xtrack/LaunchScreen.storyboard; sourceTree = "<group>"; };
		88C579AC80A26C3CBE6AB22B /* Pods-xtrack.release.xcconfig */ = {isa = PBXFileReference; includeInIndex = 1; lastKnownFileType = text.xcconfig; name = "Pods-xtrack.release.xcconfig"; path = "Target Support Files/Pods-xtrack/Pods-xtrack.release.xcconfig"; sourceTree = "<group>"; };
		890AFAA4FAF86618F72D33DC /* ExpoModulesProvider.swift */ = {isa = PBXFileReference; includeInIndex = 1; lastKnownFileType = sourcecode.swift; name = ExpoModulesProvider.swift; path = "Pods/Target Support Files/Pods-xtrack/ExpoModulesProvider.swift"; sourceTree = "<group>"; };
		ED297162215061F000B7C4FE /* JavaScriptCore.framework */ = {isa = PBXFileReference; lastKnownFileType = wrapper.framework; name = JavaScriptCore.framework; path = System/Library/Frameworks/JavaScriptCore.framework; sourceTree = SDKROOT; };
/* End PBXFileReference section */

/* Begin PBXFrameworksBuildPhase section */
		13B07F8C1A680F5B00A75B9A /* Frameworks */ = {
			isa = PBXFrameworksBuildPhase;
			buildActionMask = 2147483647;
			files = (
				DAE6B2686C5D96E68D36B808 /* libPods-xtrack.a in Frameworks */,
			);
			runOnlyForDeploymentPostprocessing = 0;
		};
/* End PBXFrameworksBuildPhase section */

/* Begin PBXGroup section */
		00E356EF1AD99517003FC87E /* xtrackTests */ = {
			isa = PBXGroup;
			children = (
				00E356F21AD99517003FC87E /* xtrackTests.m */,
				00E356F01AD99517003FC87E /* Supporting Files */,
			);
			path = xtrackTests;
			sourceTree = "<group>";
		};
		00E356F01AD99517003FC87E /* Supporting Files */ = {
			isa = PBXGroup;
			children = (
				00E356F11AD99517003FC87E /* Info.plist */,
			);
			name = "Supporting Files";
			sourceTree = "<group>";
		};
		13B07FAE1A68108700A75B9A /* xtrack */ = {
			isa = PBXGroup;
			children = (
				13B07FAF1A68108700A75B9A /* AppDelegate.h */,
				13B07FB01A68108700A75B9A /* AppDelegate.mm */,
				13B07FB51A68108700A75B9A /* Images.xcassets */,
				13B07FB61A68108700A75B9A /* Info.plist */,
				81AB9BB72411601600AC10FF /* LaunchScreen.storyboard */,
				13B07FB71A68108700A75B9A /* main.m */,
			);
			name = xtrack;
			sourceTree = "<group>";
		};
		2D16E6871FA4F8E400B85C8A /* Frameworks */ = {
			isa = PBXGroup;
			children = (
				ED297162215061F000B7C4FE /* JavaScriptCore.framework */,
				3FF40A89D102AAB9C693ECAF /* libPods-xtrack.a */,
			);
			name = Frameworks;
			sourceTree = "<group>";
		};
		4EE3D9E328CA537C0089EB82 /* Assets */ = {
			isa = PBXGroup;
			children = (
				4EE3D9EA28CA53A00089EB82 /* DINNeuzeitGroteskPro-Bold.ttf */,
				4EE3D9EB28CA53A00089EB82 /* DINNeuzeitGroteskPro-Light.ttf */,
				4EE3D9E528CA539F0089EB82 /* Font Awesome 5 Brands-Regular-400.otf */,
				4EE3D9F028CA53A00089EB82 /* Font Awesome 5 Duotone-Solid-900.otf */,
				4EE3D9EF28CA53A00089EB82 /* Font Awesome 5 Pro-Light-300.otf */,
				4EE3D9E428CA539F0089EB82 /* Font Awesome 5 Pro-Regular-400.otf */,
				4EE3D9ED28CA53A00089EB82 /* Font Awesome 5 Pro-Solid-900.otf */,
				4EE3D9E828CA53A00089EB82 /* Font-Awesome-5-Free-Regular-400.ttf */,
				4EE3D9EE28CA53A00089EB82 /* Font-Awesome-5-Free-Solid-900.ttf */,
				4EE3D9EC28CA53A00089EB82 /* FontAwesome.ttf */,
				4EE3D9E728CA53A00089EB82 /* OpenSans-Bold.ttf */,
				4EE3D9E928CA53A00089EB82 /* OpenSans-Light.ttf */,
				4EE3D9E628CA539F0089EB82 /* OpenSans-Regular.ttf */,
			);
			path = Assets;
			sourceTree = "<group>";
		};
		7E7026AC506CBFA7688D5B3D /* xtrack */ = {
			isa = PBXGroup;
			children = (
				890AFAA4FAF86618F72D33DC /* ExpoModulesProvider.swift */,
			);
			name = xtrack;
			sourceTree = "<group>";
		};
		832341AE1AAA6A7D00B99B32 /* Libraries */ = {
			isa = PBXGroup;
			children = (
			);
			name = Libraries;
			sourceTree = "<group>";
		};
		83CBB9F61A601CBA00E9B192 = {
			isa = PBXGroup;
			children = (
				4EE3D9E328CA537C0089EB82 /* Assets */,
				13B07FAE1A68108700A75B9A /* xtrack */,
				832341AE1AAA6A7D00B99B32 /* Libraries */,
				00E356EF1AD99517003FC87E /* xtrackTests */,
				83CBBA001A601CBA00E9B192 /* Products */,
				2D16E6871FA4F8E400B85C8A /* Frameworks */,
				BBD78D7AC51CEA395F1C20DB /* Pods */,
				E58F89CBBBB811E3681B8991 /* ExpoModulesProviders */,
			);
			indentWidth = 2;
			sourceTree = "<group>";
			tabWidth = 2;
			usesTabs = 0;
		};
		83CBBA001A601CBA00E9B192 /* Products */ = {
			isa = PBXGroup;
			children = (
				13B07F961A680F5B00A75B9A /* xtrack.app */,
			);
			name = Products;
			sourceTree = "<group>";
		};
		BBD78D7AC51CEA395F1C20DB /* Pods */ = {
			isa = PBXGroup;
			children = (
				22F43B39EA16CE46C92307FA /* Pods-xtrack.debug.xcconfig */,
				88C579AC80A26C3CBE6AB22B /* Pods-xtrack.release.xcconfig */,
			);
			path = Pods;
			sourceTree = "<group>";
		};
		E58F89CBBBB811E3681B8991 /* ExpoModulesProviders */ = {
			isa = PBXGroup;
			children = (
				7E7026AC506CBFA7688D5B3D /* xtrack */,
			);
			name = ExpoModulesProviders;
			sourceTree = "<group>";
		};
/* End PBXGroup section */

/* Begin PBXNativeTarget section */
		13B07F861A680F5B00A75B9A /* xtrack */ = {
			isa = PBXNativeTarget;
			buildConfigurationList = 13B07F931A680F5B00A75B9A /* Build configuration list for PBXNativeTarget "xtrack" */;
			buildPhases = (
				672B53E0338777B62AE603C6 /* [CP] Check Pods Manifest.lock */,
				FD10A7F022414F080027D42C /* Start Packager */,
				13B07F871A680F5B00A75B9A /* Sources */,
				13B07F8C1A680F5B00A75B9A /* Frameworks */,
				13B07F8E1A680F5B00A75B9A /* Resources */,
				00DD1BFF1BD5951E006B06BC /* Bundle React Native code and images */,
				B71973059C545A4E9AEEDFDB /* [CP] Embed Pods Frameworks */,
				5899609AFAC7819A5CBA7B03 /* [CP] Copy Pods Resources */,
			);
			buildRules = (
			);
			dependencies = (
			);
			name = xtrack;
			productName = xtrack;
			productReference = 13B07F961A680F5B00A75B9A /* xtrack.app */;
			productType = "com.apple.product-type.application";
		};
/* End PBXNativeTarget section */

/* Begin PBXProject section */
		83CBB9F71A601CBA00E9B192 /* Project object */ = {
			isa = PBXProject;
			attributes = {
				LastUpgradeCheck = 1210;
				TargetAttributes = {
					13B07F861A680F5B00A75B9A = {
						LastSwiftMigration = 1120;
					};
				};
			};
			buildConfigurationList = 83CBB9FA1A601CBA00E9B192 /* Build configuration list for PBXProject "xtrack" */;
			compatibilityVersion = "Xcode 12.0";
			developmentRegion = en;
			hasScannedForEncodings = 0;
			knownRegions = (
				en,
				Base,
			);
			mainGroup = 83CBB9F61A601CBA00E9B192;
			productRefGroup = 83CBBA001A601CBA00E9B192 /* Products */;
			projectDirPath = "";
			projectRoot = "";
			targets = (
				13B07F861A680F5B00A75B9A /* xtrack */,
			);
		};
/* End PBXProject section */

/* Begin PBXResourcesBuildPhase section */
		13B07F8E1A680F5B00A75B9A /* Resources */ = {
			isa = PBXResourcesBuildPhase;
			buildActionMask = 2147483647;
			files = (
				4EE3D9FC28CA53A00089EB82 /* Font Awesome 5 Pro-Light-300.otf in Resources */,
				4EE3D9FD28CA53A00089EB82 /* Font Awesome 5 Duotone-Solid-900.otf in Resources */,
				4EE3D9F328CA53A00089EB82 /* OpenSans-Regular.ttf in Resources */,
				4EE3D9FB28CA53A00089EB82 /* Font-Awesome-5-Free-Solid-900.ttf in Resources */,
				4EE3D9F928CA53A00089EB82 /* FontAwesome.ttf in Resources */,
				4EE3D9FA28CA53A00089EB82 /* Font Awesome 5 Pro-Solid-900.otf in Resources */,
				81AB9BB82411601600AC10FF /* LaunchScreen.storyboard in Resources */,
				4EE3D9F828CA53A00089EB82 /* DINNeuzeitGroteskPro-Light.ttf in Resources */,
				4EE3D9F728CA53A00089EB82 /* DINNeuzeitGroteskPro-Bold.ttf in Resources */,
				4EE3D9F628CA53A00089EB82 /* OpenSans-Light.ttf in Resources */,
				4EE3D9F528CA53A00089EB82 /* Font-Awesome-5-Free-Regular-400.ttf in Resources */,
				4EE3D9F428CA53A00089EB82 /* OpenSans-Bold.ttf in Resources */,
				13B07FBF1A68108700A75B9A /* Images.xcassets in Resources */,
				4EE3D9F128CA53A00089EB82 /* Font Awesome 5 Pro-Regular-400.otf in Resources */,
				4EE3D9F228CA53A00089EB82 /* Font Awesome 5 Brands-Regular-400.otf in Resources */,
			);
			runOnlyForDeploymentPostprocessing = 0;
		};
/* End PBXResourcesBuildPhase section */

/* Begin PBXShellScriptBuildPhase section */
		00DD1BFF1BD5951E006B06BC /* Bundle React Native code and images */ = {
			isa = PBXShellScriptBuildPhase;
			buildActionMask = 2147483647;
			files = (
			);
			inputPaths = (
				"$(SRCROOT)/.xcode.env.local",
				"$(SRCROOT)/.xcode.env",
			);
			name = "Bundle React Native code and images";
			outputPaths = (
			);
			runOnlyForDeploymentPostprocessing = 0;
			shellPath = /bin/sh;
			shellScript = "set -e\n\nWITH_ENVIRONMENT=\"../node_modules/react-native/scripts/xcode/with-environment.sh\"\nREACT_NATIVE_XCODE=\"../node_modules/react-native/scripts/react-native-xcode.sh\"\n\n/bin/sh -c \"$WITH_ENVIRONMENT $REACT_NATIVE_XCODE\"\n";
		};
		5899609AFAC7819A5CBA7B03 /* [CP] Copy Pods Resources */ = {
			isa = PBXShellScriptBuildPhase;
			buildActionMask = 2147483647;
			files = (
			);
			inputFileListPaths = (
				"${PODS_ROOT}/Target Support Files/Pods-xtrack/Pods-xtrack-resources-${CONFIGURATION}-input-files.xcfilelist",
			);
			name = "[CP] Copy Pods Resources";
			outputFileListPaths = (
				"${PODS_ROOT}/Target Support Files/Pods-xtrack/Pods-xtrack-resources-${CONFIGURATION}-output-files.xcfilelist",
			);
			runOnlyForDeploymentPostprocessing = 0;
			shellPath = /bin/sh;
			shellScript = "\"${PODS_ROOT}/Target Support Files/Pods-xtrack/Pods-xtrack-resources.sh\"\n";
			showEnvVarsInLog = 0;
		};
		672B53E0338777B62AE603C6 /* [CP] Check Pods Manifest.lock */ = {
			isa = PBXShellScriptBuildPhase;
			buildActionMask = 2147483647;
			files = (
			);
			inputFileListPaths = (
			);
			inputPaths = (
				"${PODS_PODFILE_DIR_PATH}/Podfile.lock",
				"${PODS_ROOT}/Manifest.lock",
			);
			name = "[CP] Check Pods Manifest.lock";
			outputFileListPaths = (
			);
			outputPaths = (
				"$(DERIVED_FILE_DIR)/Pods-xtrack-checkManifestLockResult.txt",
			);
			runOnlyForDeploymentPostprocessing = 0;
			shellPath = /bin/sh;
			shellScript = "diff \"${PODS_PODFILE_DIR_PATH}/Podfile.lock\" \"${PODS_ROOT}/Manifest.lock\" > /dev/null\nif [ $? != 0 ] ; then\n    # print error to STDERR\n    echo \"error: The sandbox is not in sync with the Podfile.lock. Run 'pod install' or update your CocoaPods installation.\" >&2\n    exit 1\nfi\n# This output is used by Xcode 'outputs' to avoid re-running this script phase.\necho \"SUCCESS\" > \"${SCRIPT_OUTPUT_FILE_0}\"\n";
			showEnvVarsInLog = 0;
		};
		B71973059C545A4E9AEEDFDB /* [CP] Embed Pods Frameworks */ = {
			isa = PBXShellScriptBuildPhase;
			buildActionMask = 2147483647;
			files = (
			);
			inputFileListPaths = (
				"${PODS_ROOT}/Target Support Files/Pods-xtrack/Pods-xtrack-frameworks-${CONFIGURATION}-input-files.xcfilelist",
			);
			name = "[CP] Embed Pods Frameworks";
			outputFileListPaths = (
				"${PODS_ROOT}/Target Support Files/Pods-xtrack/Pods-xtrack-frameworks-${CONFIGURATION}-output-files.xcfilelist",
			);
			runOnlyForDeploymentPostprocessing = 0;
			shellPath = /bin/sh;
			shellScript = "\"${PODS_ROOT}/Target Support Files/Pods-xtrack/Pods-xtrack-frameworks.sh\"\n";
			showEnvVarsInLog = 0;
		};
		FD10A7F022414F080027D42C /* Start Packager */ = {
			isa = PBXShellScriptBuildPhase;
			buildActionMask = 2147483647;
			files = (
			);
			inputFileListPaths = (
			);
			inputPaths = (
			);
			name = "Start Packager";
			outputFileListPaths = (
			);
			outputPaths = (
			);
			runOnlyForDeploymentPostprocessing = 0;
			shellPath = /bin/sh;
			shellScript = "export RCT_METRO_PORT=\"${RCT_METRO_PORT:=8081}\"\necho \"export RCT_METRO_PORT=${RCT_METRO_PORT}\" > \"${SRCROOT}/../node_modules/react-native/scripts/.packager.env\"\nif [ -z \"${RCT_NO_LAUNCH_PACKAGER+xxx}\" ] ; then\n  if nc -w 5 -z localhost ${RCT_METRO_PORT} ; then\n    if ! curl -s \"http://localhost:${RCT_METRO_PORT}/status\" | grep -q \"packager-status:running\" ; then\n      echo \"Port ${RCT_METRO_PORT} already in use, packager is either not running or not running correctly\"\n      exit 2\n    fi\n  else\n    open \"$SRCROOT/../node_modules/react-native/scripts/launchPackager.command\" || echo \"Can't start packager automatically\"\n  fi\nfi\n";
			showEnvVarsInLog = 0;
		};
/* End PBXShellScriptBuildPhase section */

/* Begin PBXSourcesBuildPhase section */
		13B07F871A680F5B00A75B9A /* Sources */ = {
			isa = PBXSourcesBuildPhase;
			buildActionMask = 2147483647;
			files = (
				13B07FBC1A68108700A75B9A /* AppDelegate.mm in Sources */,
				13B07FC11A68108700A75B9A /* main.m in Sources */,
				C4973263D755AFC58B046B06 /* ExpoModulesProvider.swift in Sources */,
			);
			runOnlyForDeploymentPostprocessing = 0;
		};
/* End PBXSourcesBuildPhase section */

/* Begin XCBuildConfiguration section */
		13B07F941A680F5B00A75B9A /* Debug */ = {
			isa = XCBuildConfiguration;
			baseConfigurationReference = 22F43B39EA16CE46C92307FA /* Pods-xtrack.debug.xcconfig */;
			buildSettings = {
				ASSETCATALOG_COMPILER_APPICON_NAME = AppIcon;
				CLANG_ENABLE_MODULES = YES;
				CURRENT_PROJECT_VERSION = 2;
				DEVELOPMENT_TEAM = QDRTVHPM2W;
				ENABLE_BITCODE = NO;
				INFOPLIST_FILE = xtrack/Info.plist;
				LD_RUNPATH_SEARCH_PATHS = (
					"$(inherited)",
					"@executable_path/Frameworks",
				);
				MARKETING_VERSION = 2.0.1;
				OTHER_LDFLAGS = (
					"$(inherited)",
					"-ObjC",
					"-lc++",
				);
				OTHER_SWIFT_FLAGS = "$(inherited) -D EXPO_CONFIGURATION_DEBUG";
				PRODUCT_BUNDLE_IDENTIFIER = com.mirocosic.xtrack;
				PRODUCT_NAME = xtrack;
				SWIFT_OPTIMIZATION_LEVEL = "-Onone";
				SWIFT_VERSION = 5.0;
				VERSIONING_SYSTEM = "apple-generic";
			};
			name = Debug;
		};
		13B07F951A680F5B00A75B9A /* Release */ = {
			isa = XCBuildConfiguration;
			baseConfigurationReference = 88C579AC80A26C3CBE6AB22B /* Pods-xtrack.release.xcconfig */;
			buildSettings = {
				ASSETCATALOG_COMPILER_APPICON_NAME = AppIcon;
				CLANG_ENABLE_MODULES = YES;
				CURRENT_PROJECT_VERSION = 2;
				DEVELOPMENT_TEAM = QDRTVHPM2W;
				INFOPLIST_FILE = xtrack/Info.plist;
				LD_RUNPATH_SEARCH_PATHS = (
					"$(inherited)",
					"@executable_path/Frameworks",
				);
				MARKETING_VERSION = 2.0.1;
				OTHER_LDFLAGS = (
					"$(inherited)",
					"-ObjC",
					"-lc++",
				);
				OTHER_SWIFT_FLAGS = "$(inherited) -D EXPO_CONFIGURATION_RELEASE";
				PRODUCT_BUNDLE_IDENTIFIER = com.mirocosic.xtrack;
				PRODUCT_NAME = xtrack;
				SWIFT_VERSION = 5.0;
				VERSIONING_SYSTEM = "apple-generic";
			};
			name = Release;
		};
		83CBBA201A601CBA00E9B192 /* Debug */ = {
			isa = XCBuildConfiguration;
			buildSettings = {
				ALWAYS_SEARCH_USER_PATHS = NO;
				CLANG_ANALYZER_LOCALIZABILITY_NONLOCALIZED = YES;
				CLANG_CXX_LANGUAGE_STANDARD = "c++17";
				CLANG_CXX_LIBRARY = "libc++";
				CLANG_ENABLE_MODULES = YES;
				CLANG_ENABLE_OBJC_ARC = YES;
				CLANG_WARN_BLOCK_CAPTURE_AUTORELEASING = YES;
				CLANG_WARN_BOOL_CONVERSION = YES;
				CLANG_WARN_COMMA = YES;
				CLANG_WARN_CONSTANT_CONVERSION = YES;
				CLANG_WARN_DEPRECATED_OBJC_IMPLEMENTATIONS = YES;
				CLANG_WARN_DIRECT_OBJC_ISA_USAGE = YES_ERROR;
				CLANG_WARN_EMPTY_BODY = YES;
				CLANG_WARN_ENUM_CONVERSION = YES;
				CLANG_WARN_INFINITE_RECURSION = YES;
				CLANG_WARN_INT_CONVERSION = YES;
				CLANG_WARN_NON_LITERAL_NULL_CONVERSION = YES;
				CLANG_WARN_OBJC_IMPLICIT_RETAIN_SELF = YES;
				CLANG_WARN_OBJC_LITERAL_CONVERSION = YES;
				CLANG_WARN_OBJC_ROOT_CLASS = YES_ERROR;
				CLANG_WARN_QUOTED_INCLUDE_IN_FRAMEWORK_HEADER = YES;
				CLANG_WARN_RANGE_LOOP_ANALYSIS = YES;
				CLANG_WARN_STRICT_PROTOTYPES = YES;
				CLANG_WARN_SUSPICIOUS_MOVE = YES;
				CLANG_WARN_UNREACHABLE_CODE = YES;
				CLANG_WARN__DUPLICATE_METHOD_MATCH = YES;
				"CODE_SIGN_IDENTITY[sdk=iphoneos*]" = "iPhone Developer";
				COPY_PHASE_STRIP = NO;
				ENABLE_STRICT_OBJC_MSGSEND = YES;
				ENABLE_TESTABILITY = YES;
				"EXCLUDED_ARCHS[sdk=iphonesimulator*]" = "";
				GCC_C_LANGUAGE_STANDARD = gnu99;
				GCC_DYNAMIC_NO_PIC = NO;
				GCC_NO_COMMON_BLOCKS = YES;
				GCC_OPTIMIZATION_LEVEL = 0;
				GCC_PREPROCESSOR_DEFINITIONS = (
					"DEBUG=1",
					"$(inherited)",
				);
				GCC_SYMBOLS_PRIVATE_EXTERN = NO;
				GCC_WARN_64_TO_32_BIT_CONVERSION = YES;
				GCC_WARN_ABOUT_RETURN_TYPE = YES_ERROR;
				GCC_WARN_UNDECLARED_SELECTOR = YES;
				GCC_WARN_UNINITIALIZED_AUTOS = YES_AGGRESSIVE;
				GCC_WARN_UNUSED_FUNCTION = YES;
				GCC_WARN_UNUSED_VARIABLE = YES;
				IPHONEOS_DEPLOYMENT_TARGET = 12.4;
				LD_RUNPATH_SEARCH_PATHS = (
					/usr/lib/swift,
					"$(inherited)",
				);
				LIBRARY_SEARCH_PATHS = (
					"\"$(SDKROOT)/usr/lib/swift\"",
					"\"$(TOOLCHAIN_DIR)/usr/lib/swift/$(PLATFORM_NAME)\"",
					"\"$(inherited)\"",
				);
				MTL_ENABLE_DEBUG_INFO = YES;
				ONLY_ACTIVE_ARCH = YES;
				OTHER_CPLUSPLUSFLAGS = (
					"$(OTHER_CFLAGS)",
					"-DFOLLY_NO_CONFIG",
					"-DFOLLY_MOBILE=1",
					"-DFOLLY_USE_LIBCPP=1",
				);
				REACT_NATIVE_PATH = "${PODS_ROOT}/../../node_modules/react-native";
				SDKROOT = iphoneos;
			};
			name = Debug;
		};
		83CBBA211A601CBA00E9B192 /* Release */ = {
			isa = XCBuildConfiguration;
			buildSettings = {
				ALWAYS_SEARCH_USER_PATHS = NO;
				CLANG_ANALYZER_LOCALIZABILITY_NONLOCALIZED = YES;
				CLANG_CXX_LANGUAGE_STANDARD = "c++17";
				CLANG_CXX_LIBRARY = "libc++";
				CLANG_ENABLE_MODULES = YES;
				CLANG_ENABLE_OBJC_ARC = YES;
				CLANG_WARN_BLOCK_CAPTURE_AUTORELEASING = YES;
				CLANG_WARN_BOOL_CONVERSION = YES;
				CLANG_WARN_COMMA = YES;
				CLANG_WARN_CONSTANT_CONVERSION = YES;
				CLANG_WARN_DEPRECATED_OBJC_IMPLEMENTATIONS = YES;
				CLANG_WARN_DIRECT_OBJC_ISA_USAGE = YES_ERROR;
				CLANG_WARN_EMPTY_BODY = YES;
				CLANG_WARN_ENUM_CONVERSION = YES;
				CLANG_WARN_INFINITE_RECURSION = YES;
				CLANG_WARN_INT_CONVERSION = YES;
				CLANG_WARN_NON_LITERAL_NULL_CONVERSION = YES;
				CLANG_WARN_OBJC_IMPLICIT_RETAIN_SELF = YES;
				CLANG_WARN_OBJC_LITERAL_CONVERSION = YES;
				CLANG_WARN_OBJC_ROOT_CLASS = YES_ERROR;
				CLANG_WARN_QUOTED_INCLUDE_IN_FRAMEWORK_HEADER = YES;
				CLANG_WARN_RANGE_LOOP_ANALYSIS = YES;
				CLANG_WARN_STRICT_PROTOTYPES = YES;
				CLANG_WARN_SUSPICIOUS_MOVE = YES;
				CLANG_WARN_UNREACHABLE_CODE = YES;
				CLANG_WARN__DUPLICATE_METHOD_MATCH = YES;
				"CODE_SIGN_IDENTITY[sdk=iphoneos*]" = "iPhone Developer";
				COPY_PHASE_STRIP = YES;
				ENABLE_NS_ASSERTIONS = NO;
				ENABLE_STRICT_OBJC_MSGSEND = YES;
				"EXCLUDED_ARCHS[sdk=iphonesimulator*]" = "";
				GCC_C_LANGUAGE_STANDARD = gnu99;
				GCC_NO_COMMON_BLOCKS = YES;
				GCC_WARN_64_TO_32_BIT_CONVERSION = YES;
				GCC_WARN_ABOUT_RETURN_TYPE = YES_ERROR;
				GCC_WARN_UNDECLARED_SELECTOR = YES;
				GCC_WARN_UNINITIALIZED_AUTOS = YES_AGGRESSIVE;
				GCC_WARN_UNUSED_FUNCTION = YES;
				GCC_WARN_UNUSED_VARIABLE = YES;
				IPHONEOS_DEPLOYMENT_TARGET = 12.4;
				LD_RUNPATH_SEARCH_PATHS = (
					/usr/lib/swift,
					"$(inherited)",
				);
				LIBRARY_SEARCH_PATHS = (
					"\"$(SDKROOT)/usr/lib/swift\"",
					"\"$(TOOLCHAIN_DIR)/usr/lib/swift/$(PLATFORM_NAME)\"",
					"\"$(inherited)\"",
				);
				MTL_ENABLE_DEBUG_INFO = NO;
				OTHER_CPLUSPLUSFLAGS = (
					"$(OTHER_CFLAGS)",
					"-DFOLLY_NO_CONFIG",
					"-DFOLLY_MOBILE=1",
					"-DFOLLY_USE_LIBCPP=1",
				);
				REACT_NATIVE_PATH = "${PODS_ROOT}/../../node_modules/react-native";
				SDKROOT = iphoneos;
				VALIDATE_PRODUCT = YES;
			};
			name = Release;
		};
/* End XCBuildConfiguration section */

/* Begin XCConfigurationList section */
		13B07F931A680F5B00A75B9A /* Build configuration list for PBXNativeTarget "xtrack" */ = {
			isa = XCConfigurationList;
			buildConfigurations = (
				13B07F941A680F5B00A75B9A /* Debug */,
				13B07F951A680F5B00A75B9A /* Release */,
			);
			defaultConfigurationIsVisible = 0;
			defaultConfigurationName = Release;
		};
		83CBB9FA1A601CBA00E9B192 /* Build configuration list for PBXProject "xtrack" */ = {
			isa = XCConfigurationList;
			buildConfigurations = (
				83CBBA201A601CBA00E9B192 /* Debug */,
				83CBBA211A601CBA00E9B192 /* Release */,
			);
			defaultConfigurationIsVisible = 0;
			defaultConfigurationName = Release;
		};
/* End XCConfigurationList section */
	};
	rootObject = 83CBB9F71A601CBA00E9B192 /* Project object */;
}
